
Microsoft Visual Studio Solution File, Format Version 12.00
# Visual Studio Version 16
VisualStudioVersion = 16.0.32630.194
MinimumVisualStudioVersion = 10.0.40219.1
Project("{FAE04EC0-301F-11D3-BF4B-00C04F79EFBC}") = "EjerciciosNET", "EjerciciosNET.csproj", "{891B053F-B479-47DE-B022-5BF332F9F637}"
EndProject
Global
	GlobalSection(SolutionConfigurationPlatforms) = preSolution
		Debug|Any CPU = Debug|Any CPU
		Release|Any CPU = Release|Any CPU
	EndGlobalSection
	GlobalSection(ProjectConfigurationPlatforms) = postSolution
		{891B053F-B479-47DE-B022-5BF332F9F637}.Debug|Any CPU.ActiveCfg = Debug|Any CPU
		{891B053F-B479-47DE-B022-5BF332F9F637}.Debug|Any CPU.Build.0 = Debug|Any CPU
		{891B053F-B479-47DE-B022-5BF332F9F637}.Release|Any CPU.ActiveCfg = Release|Any CPU
		{891B053F-B479-47DE-B022-5BF332F9F637}.Release|Any CPU.Build.0 = Release|Any CPU
	EndGlobalSection
	GlobalSection(SolutionProperties) = preSolution
		HideSolutionNode = FALSE
	EndGlobalSection
	GlobalSection(ExtensibilityGlobals) = postSolution
		SolutionGuid = {3D615A5E-3D08-4F03-9A0A-5F41346E2131}
	EndGlobalSection
EndGlobal
